
Microsoft Visual Studio Solution File, Format Version 12.00
# Visual Studio Version 17
VisualStudioVersion = 17.7.34003.232
MinimumVisualStudioVersion = 10.0.40219.1
Project("{FAE04EC0-301F-11D3-BF4B-00C04F79EFBC}") = "AbstractClass", "AbstractClass.csproj", "{A2A1A8C3-5B15-4C69-AD0F-EB91E00B856D}"
EndProject
Global
	GlobalSection(SolutionConfigurationPlatforms) = preSolution
		Debug|Any CPU = Debug|Any CPU
		Release|Any CPU = Release|Any CPU
	EndGlobalSection
	GlobalSection(ProjectConfigurationPlatforms) = postSolution
		{A2A1A8C3-5B15-4C69-AD0F-EB91E00B856D}.Debug|Any CPU.ActiveCfg = Debug|Any CPU
		{A2A1A8C3-5B15-4C69-AD0F-EB91E00B856D}.Debug|Any CPU.Build.0 = Debug|Any CPU
		{A2A1A8C3-5B15-4C69-AD0F-EB91E00B856D}.Release|Any CPU.ActiveCfg = Release|Any CPU
		{A2A1A8C3-5B15-4C69-AD0F-EB91E00B856D}.Release|Any CPU.Build.0 = Release|Any CPU
	EndGlobalSection
	GlobalSection(SolutionProperties) = preSolution
		HideSolutionNode = FALSE
	EndGlobalSection
	GlobalSection(ExtensibilityGlobals) = postSolution
		SolutionGuid = {63DC3D85-0F9C-413C-87B0-BCAA90DDF59F}
	EndGlobalSection
EndGlobal
